
Microsoft Visual Studio Solution File, Format Version 12.00
# Visual Studio Version 16
VisualStudioVersion = 16.0.29411.108
MinimumVisualStudioVersion = 10.0.40219.1
Project("{9A19103F-16F7-4668-BE54-9A1E7A4F7556}") = "Upland.CollectionOptimizer", "Upland.CollectionOptimizer\Upland.CollectionOptimizer.csproj", "{C6132B4E-66FB-4070-986E-CD8CDDD1805A}"
EndProject
Project("{9A19103F-16F7-4668-BE54-9A1E7A4F7556}") = "Upland.Infrastructure.UplandApi", "Upland.Infrastructure.UplandApi\Upland.Infrastructure.UplandApi.csproj", "{0C9EB5FA-FA8B-4541-BA9C-F41969B9587F}"
EndProject
Project("{9A19103F-16F7-4668-BE54-9A1E7A4F7556}") = "Upland.Types", "Upland.Types\Upland.Types.csproj", "{0FA53C52-8AE0-47CA-B83E-2991AC2ADBC4}"
EndProject
Project("{9A19103F-16F7-4668-BE54-9A1E7A4F7556}") = "Upland.Infrastructure.LocalData", "Upland.Infrastructure.LocalData\Upland.Infrastructure.LocalData.csproj", "{4FF9A50E-D368-4E84-AD3D-2B1AB9D252B9}"
EndProject
Project("{00D1A9C2-B5F0-4AF3-8072-F6C62B433612}") = "UplandLocalData", "UplandLocalData\UplandLocalData.sqlproj", "{277FE176-222D-4E7E-80E3-B9F88C76DC4B}"
EndProject
Project("{9A19103F-16F7-4668-BE54-9A1E7A4F7556}") = "Startup", "Startup\Startup.csproj", "{E46DE09A-7795-46AF-B48D-D01CB8833856}"
EndProject
Project("{9A19103F-16F7-4668-BE54-9A1E7A4F7556}") = "Upland.InformationProcessor", "Upland.InformationProcessor\Upland.InformationProcessor.csproj", "{5C658079-14BC-40A0-8FB0-245695EE2BE1}"
EndProject
Project("{9A19103F-16F7-4668-BE54-9A1E7A4F7556}") = "Upland.Infrastructure.Blockchain", "Upland.Infrastructure.Blockchain\Upland.Infrastructure.Blockchain.csproj", "{DF1C8ED7-3CBA-4F3F-BA31-1C3344D2720B}"
EndProject
Project("{FAE04EC0-301F-11D3-BF4B-00C04F79EFBC}") = "Upland.Interfaces", "Upland.Interfaces\Upland.Interfaces.csproj", "{17DCAB4F-294D-49F7-A8C1-CBAC3E1036AD}"
EndProject
Global
	GlobalSection(SolutionConfigurationPlatforms) = preSolution
		Debug|Any CPU = Debug|Any CPU
		Release|Any CPU = Release|Any CPU
	EndGlobalSection
	GlobalSection(ProjectConfigurationPlatforms) = postSolution
		{C6132B4E-66FB-4070-986E-CD8CDDD1805A}.Debug|Any CPU.ActiveCfg = Debug|Any CPU
		{C6132B4E-66FB-4070-986E-CD8CDDD1805A}.Debug|Any CPU.Build.0 = Debug|Any CPU
		{C6132B4E-66FB-4070-986E-CD8CDDD1805A}.Release|Any CPU.ActiveCfg = Release|Any CPU
		{C6132B4E-66FB-4070-986E-CD8CDDD1805A}.Release|Any CPU.Build.0 = Release|Any CPU
		{0C9EB5FA-FA8B-4541-BA9C-F41969B9587F}.Debug|Any CPU.ActiveCfg = Debug|Any CPU
		{0C9EB5FA-FA8B-4541-BA9C-F41969B9587F}.Debug|Any CPU.Build.0 = Debug|Any CPU
		{0C9EB5FA-FA8B-4541-BA9C-F41969B9587F}.Release|Any CPU.ActiveCfg = Release|Any CPU
		{0C9EB5FA-FA8B-4541-BA9C-F41969B9587F}.Release|Any CPU.Build.0 = Release|Any CPU
		{0FA53C52-8AE0-47CA-B83E-2991AC2ADBC4}.Debug|Any CPU.ActiveCfg = Debug|Any CPU
		{0FA53C52-8AE0-47CA-B83E-2991AC2ADBC4}.Debug|Any CPU.Build.0 = Debug|Any CPU
		{0FA53C52-8AE0-47CA-B83E-2991AC2ADBC4}.Release|Any CPU.ActiveCfg = Release|Any CPU
		{0FA53C52-8AE0-47CA-B83E-2991AC2ADBC4}.Release|Any CPU.Build.0 = Release|Any CPU
		{4FF9A50E-D368-4E84-AD3D-2B1AB9D252B9}.Debug|Any CPU.ActiveCfg = Debug|Any CPU
		{4FF9A50E-D368-4E84-AD3D-2B1AB9D252B9}.Debug|Any CPU.Build.0 = Debug|Any CPU
		{4FF9A50E-D368-4E84-AD3D-2B1AB9D252B9}.Release|Any CPU.ActiveCfg = Release|Any CPU
		{4FF9A50E-D368-4E84-AD3D-2B1AB9D252B9}.Release|Any CPU.Build.0 = Release|Any CPU
		{277FE176-222D-4E7E-80E3-B9F88C76DC4B}.Debug|Any CPU.ActiveCfg = Debug|Any CPU
		{277FE176-222D-4E7E-80E3-B9F88C76DC4B}.Debug|Any CPU.Build.0 = Debug|Any CPU
		{277FE176-222D-4E7E-80E3-B9F88C76DC4B}.Debug|Any CPU.Deploy.0 = Debug|Any CPU
		{277FE176-222D-4E7E-80E3-B9F88C76DC4B}.Release|Any CPU.ActiveCfg = Release|Any CPU
		{277FE176-222D-4E7E-80E3-B9F88C76DC4B}.Release|Any CPU.Build.0 = Release|Any CPU
		{E46DE09A-7795-46AF-B48D-D01CB8833856}.Debug|Any CPU.ActiveCfg = Debug|Any CPU
		{E46DE09A-7795-46AF-B48D-D01CB8833856}.Debug|Any CPU.Build.0 = Debug|Any CPU
		{E46DE09A-7795-46AF-B48D-D01CB8833856}.Release|Any CPU.ActiveCfg = Release|Any CPU
		{E46DE09A-7795-46AF-B48D-D01CB8833856}.Release|Any CPU.Build.0 = Release|Any CPU
		{5C658079-14BC-40A0-8FB0-245695EE2BE1}.Debug|Any CPU.ActiveCfg = Debug|Any CPU
		{5C658079-14BC-40A0-8FB0-245695EE2BE1}.Debug|Any CPU.Build.0 = Debug|Any CPU
		{5C658079-14BC-40A0-8FB0-245695EE2BE1}.Release|Any CPU.ActiveCfg = Release|Any CPU
		{5C658079-14BC-40A0-8FB0-245695EE2BE1}.Release|Any CPU.Build.0 = Release|Any CPU
		{DF1C8ED7-3CBA-4F3F-BA31-1C3344D2720B}.Debug|Any CPU.ActiveCfg = Debug|Any CPU
		{DF1C8ED7-3CBA-4F3F-BA31-1C3344D2720B}.Debug|Any CPU.Build.0 = Debug|Any CPU
		{DF1C8ED7-3CBA-4F3F-BA31-1C3344D2720B}.Release|Any CPU.ActiveCfg = Release|Any CPU
		{DF1C8ED7-3CBA-4F3F-BA31-1C3344D2720B}.Release|Any CPU.Build.0 = Release|Any CPU
		{17DCAB4F-294D-49F7-A8C1-CBAC3E1036AD}.Debug|Any CPU.ActiveCfg = Debug|Any CPU
		{17DCAB4F-294D-49F7-A8C1-CBAC3E1036AD}.Debug|Any CPU.Build.0 = Debug|Any CPU
		{17DCAB4F-294D-49F7-A8C1-CBAC3E1036AD}.Release|Any CPU.ActiveCfg = Release|Any CPU
		{17DCAB4F-294D-49F7-A8C1-CBAC3E1036AD}.Release|Any CPU.Build.0 = Release|Any CPU
	EndGlobalSection
	GlobalSection(SolutionProperties) = preSolution
		HideSolutionNode = FALSE
	EndGlobalSection
	GlobalSection(ExtensibilityGlobals) = postSolution
		SolutionGuid = {AC6DD24E-A520-4758-ACD4-8E9CCF035E18}
	EndGlobalSection
EndGlobal
